
Microsoft Visual Studio Solution File, Format Version 12.00
# Visual Studio Version 16
VisualStudioVersion = 16.0.28803.202
MinimumVisualStudioVersion = 10.0.40219.1
Project("{FAE04EC0-301F-11D3-BF4B-00C04F79EFBC}") = "AnisonStationRest", "AnisonStationRest\AnisonStationRest.csproj", "{7D60C44B-70D7-49B9-AA17-673FC11BA6CA}"
EndProject
Global
	GlobalSection(SolutionConfigurationPlatforms) = preSolution
		Debug|Any CPU = Debug|Any CPU
		Release|Any CPU = Release|Any CPU
	EndGlobalSection
	GlobalSection(ProjectConfigurationPlatforms) = postSolution
		{7D60C44B-70D7-49B9-AA17-673FC11BA6CA}.Debug|Any CPU.ActiveCfg = Debug|Any CPU
		{7D60C44B-70D7-49B9-AA17-673FC11BA6CA}.Debug|Any CPU.Build.0 = Debug|Any CPU
		{7D60C44B-70D7-49B9-AA17-673FC11BA6CA}.Release|Any CPU.ActiveCfg = Release|Any CPU
		{7D60C44B-70D7-49B9-AA17-673FC11BA6CA}.Release|Any CPU.Build.0 = Release|Any CPU
	EndGlobalSection
	GlobalSection(SolutionProperties) = preSolution
		HideSolutionNode = FALSE
	EndGlobalSection
	GlobalSection(ExtensibilityGlobals) = postSolution
		SolutionGuid = {4196A307-9631-4BBD-99EB-BDF0F658E444}
	EndGlobalSection
EndGlobal
